
Microsoft Visual Studio Solution File, Format Version 12.00
# Visual Studio Version 16
VisualStudioVersion = 16.0.30225.117
MinimumVisualStudioVersion = 10.0.40219.1
Project("{2150E333-8FDC-42A3-9474-1A3956D46DE8}") = "CSharp-8", "CSharp-8", "{1ABBF2D8-C090-448F-A4A1-F15129BE83B6}"
EndProject
Project("{9A19103F-16F7-4668-BE54-9A1E7A4F7556}") = "UsingDeclarations", "UsingDeclarations\UsingDeclarations.csproj", "{CF0E8F34-C5AE-4FFA-AD0D-00225FC778FB}"
EndProject
Project("{9A19103F-16F7-4668-BE54-9A1E7A4F7556}") = "StaticLocalFunctions", "StaticLocalFunctions\StaticLocalFunctions.csproj", "{D07E38D1-12DF-4CEF-A6A4-7CC41D87989D}"
EndProject
Project("{2150E333-8FDC-42A3-9474-1A3956D46DE8}") = "CSharp-5", "CSharp-5", "{334448FD-BEDD-4385-ADDB-6DABD1286A44}"
EndProject
Project("{2150E333-8FDC-42A3-9474-1A3956D46DE8}") = "CSharp-6", "CSharp-6", "{E197282C-AC9E-47FD-BFE5-1B0643924663}"
EndProject
Project("{2150E333-8FDC-42A3-9474-1A3956D46DE8}") = "CSharp-3", "CSharp-3", "{F6CD69B5-FB1F-477C-91B1-8A0D1AC5C9DC}"
EndProject
Project("{2150E333-8FDC-42A3-9474-1A3956D46DE8}") = "CSharp-4", "CSharp-4", "{6C06FA44-A51D-4EB3-98F4-A3C062320640}"
EndProject
Project("{2150E333-8FDC-42A3-9474-1A3956D46DE8}") = "CSharp-7", "CSharp-7", "{2C40EEB1-9DA3-4BC6-8D0A-DF1A086458F4}"
EndProject
Project("{2150E333-8FDC-42A3-9474-1A3956D46DE8}") = "CSharp-2", "CSharp-2", "{14AE2337-9ACC-4C9C-9B26-A5B13CC09321}"
EndProject
Project("{2150E333-8FDC-42A3-9474-1A3956D46DE8}") = "CSharp-1", "CSharp-1", "{1361D969-B252-4293-ABFD-6335A7C09337}"
	ProjectSection(SolutionItems) = preProject
		CSharp-1\CSharp-1-Features.md = CSharp-1\CSharp-1-Features.md
	EndProjectSection
EndProject
Project("{2150E333-8FDC-42A3-9474-1A3956D46DE8}") = "7.0", "7.0", "{3A562857-D694-4085-B914-4A164720F589}"
EndProject
Project("{2150E333-8FDC-42A3-9474-1A3956D46DE8}") = "7.1", "7.1", "{E44774C5-CF61-44FC-AADC-0E5260C4FA76}"
EndProject
Project("{2150E333-8FDC-42A3-9474-1A3956D46DE8}") = "7.3", "7.3", "{F469F0A6-62B2-480C-B20F-CDB31B1F2CEA}"
EndProject
Project("{2150E333-8FDC-42A3-9474-1A3956D46DE8}") = "7.2", "7.2", "{EDE77814-ACBC-4E08-9DAC-AF5171514867}"
EndProject
Project("{9A19103F-16F7-4668-BE54-9A1E7A4F7556}") = "OutVariableImprovement", "OutVariableImprovement\OutVariableImprovement.csproj", "{6FF7408B-3564-4B55-827D-F12332354978}"
EndProject
Project("{9A19103F-16F7-4668-BE54-9A1E7A4F7556}") = "Tuples", "Tuples\Tuples.csproj", "{1088E1B4-729C-4E21-A1D8-860F6EEA19D2}"
EndProject
Project("{9A19103F-16F7-4668-BE54-9A1E7A4F7556}") = "Discards", "Discards\Discards.csproj", "{72B5A5CC-D406-4747-8C05-A8F872101EBE}"
EndProject
Project("{9A19103F-16F7-4668-BE54-9A1E7A4F7556}") = "MoreExpressionBodiedMembers", "MoreExpressionBodiedMembers\MoreExpressionBodiedMembers.csproj", "{466F748A-023D-4CB6-98E5-FDA287FA13DE}"
EndProject
Project("{9A19103F-16F7-4668-BE54-9A1E7A4F7556}") = "ThrowExpressions", "ThrowExpressions\ThrowExpressions.csproj", "{A0965E83-4281-4E66-BFE9-FE41E7DB0356}"
EndProject
Project("{9A19103F-16F7-4668-BE54-9A1E7A4F7556}") = "LocalFunctions", "LocalFunctions\LocalFunctions.csproj", "{9F5F9024-F821-4D24-B65E-74751CB0C39F}"
EndProject
Project("{9A19103F-16F7-4668-BE54-9A1E7A4F7556}") = "PatternMatching", "PatternMatching\PatternMatching.csproj", "{1A9EB525-934E-4CD4-B377-57208EE526CC}"
EndProject
Project("{9A19103F-16F7-4668-BE54-9A1E7A4F7556}") = "AsyncMainMethod", "AsyncMainMethod\AsyncMainMethod.csproj", "{1B750AB0-C441-4B73-AF3A-CDF16FB5E114}"
EndProject
Project("{9A19103F-16F7-4668-BE54-9A1E7A4F7556}") = "DefaultIiteralExpressions", "DefaultIiteralExpressions\DefaultIiteralExpressions.csproj", "{D61B7CDF-97B2-48DA-979E-C54D58BB5A06}"
EndProject
Project("{9A19103F-16F7-4668-BE54-9A1E7A4F7556}") = "InferredTupleElementNames", "InferredTupleElementNames\InferredTupleElementNames.csproj", "{FC55ACD2-1E9C-48A4-8596-24B6177BC27F}"
EndProject
Project("{9A19103F-16F7-4668-BE54-9A1E7A4F7556}") = "Delegates", "CSharp-1\Delegates\Delegates.csproj", "{7081441B-6EE9-4AD5-93C7-571882C4605B}"
EndProject
Project("{9A19103F-16F7-4668-BE54-9A1E7A4F7556}") = "AnonymousMethods", "CSharp-2\AnonymousMethods\AnonymousMethods.csproj", "{5012BD20-CCE0-4648-A97E-BF50533D9F46}"
EndProject
Project("{9A19103F-16F7-4668-BE54-9A1E7A4F7556}") = "PartialClasses", "CSharp-2\PartialClasses\PartialClasses.csproj", "{DD7BA74A-3E1F-4F38-B3E0-61E7EBA87B03}"
EndProject
Project("{9A19103F-16F7-4668-BE54-9A1E7A4F7556}") = "AnonymousTypes", "CSharp-3\AnonymousTypes\AnonymousTypes.csproj", "{1C320C01-7493-4ACF-9CC5-D11DF072ABFA}"
EndProject
Project("{9A19103F-16F7-4668-BE54-9A1E7A4F7556}") = "AutoImplementedProperties", "CSharp-3\AutoImplementedProperties\AutoImplementedProperties.csproj", "{FDD34293-F622-46DD-AC08-A2ACF5829912}"
EndProject
Project("{9A19103F-16F7-4668-BE54-9A1E7A4F7556}") = "ExtensionMethods", "CSharp-3\ExtensionMethods\ExtensionMethods.csproj", "{FC9CC573-2EB5-4BF1-84E5-57EFF3986C08}"
EndProject
Project("{9A19103F-16F7-4668-BE54-9A1E7A4F7556}") = "ImplicitlyTypedLocalVariables", "CSharp-3\ImplicitlyTypedLocalVariables\ImplicitlyTypedLocalVariables.csproj", "{DAD40024-5B0B-4806-9894-7F3816B4F041}"
EndProject
Project("{9A19103F-16F7-4668-BE54-9A1E7A4F7556}") = "LambdaExpressions", "CSharp-3\LambdaExpressions\LambdaExpressions.csproj", "{4B906AE6-C5C1-436D-A003-0969657E8D09}"
EndProject
Project("{9A19103F-16F7-4668-BE54-9A1E7A4F7556}") = "ObjectAndCollectionInitializers", "CSharp-3\ObjectAndCollectionInitializers\ObjectAndCollectionInitializers.csproj", "{02619EE9-D0C7-480D-B3F7-B9E84A99D039}"
EndProject
Project("{9A19103F-16F7-4668-BE54-9A1E7A4F7556}") = "PartialMethods", "CSharp-3\PartialMethods\PartialMethods.csproj", "{42BEC448-A409-41ED-B7DF-AE35276A20F4}"
EndProject
Project("{9A19103F-16F7-4668-BE54-9A1E7A4F7556}") = "QueryExpression", "CSharp-3\QueryExpression\QueryExpression.csproj", "{2CF5D71C-3452-42CA-83A2-655DD5E70306}"
EndProject
Project("{9A19103F-16F7-4668-BE54-9A1E7A4F7556}") = "DynamicType", "CSharp-4\DynamicType\DynamicType.csproj", "{6E0F98C7-B7B6-4991-AAAA-6925EC7CDD8B}"
EndProject
Project("{9A19103F-16F7-4668-BE54-9A1E7A4F7556}") = "NamedArguments", "CSharp-4\NamedArguments\NamedArguments.csproj", "{80D9B0A5-782D-44FD-911B-9FAD4B289F06}"
EndProject
Project("{9A19103F-16F7-4668-BE54-9A1E7A4F7556}") = "OptionalArguments", "CSharp-4\OptionalArguments\OptionalArguments.csproj", "{CCD45646-5460-4C6E-A1C6-A098AEC420B3}"
EndProject
Project("{9A19103F-16F7-4668-BE54-9A1E7A4F7556}") = "AsynchronousProgramming", "CSharp-5\AsynchronousProgramming\AsynchronousProgramming.csproj", "{9CDA2929-4761-4AE2-B072-6F2C943CBEAE}"
EndProject
Project("{9A19103F-16F7-4668-BE54-9A1E7A4F7556}") = "CallerInfoAttributes", "CSharp-5\CallerInfoAttributes\CallerInfoAttributes.csproj", "{68FD3B81-1717-4CA1-B381-E5B1FDE4634B}"
EndProject
Project("{9A19103F-16F7-4668-BE54-9A1E7A4F7556}") = "AutoPropertyInitializers", "CSharp-6\AutoPropertyInitializers\AutoPropertyInitializers.csproj", "{C6494DA5-9E0E-49E6-BD9A-4F1E95339B78}"
EndProject
Project("{9A19103F-16F7-4668-BE54-9A1E7A4F7556}") = "AwaitInCatchAndFinallyBlocks", "CSharp-6\AwaitInCatchAndFinallyBlocks\AwaitInCatchAndFinallyBlocks.csproj", "{F911ABF3-3091-4C98-940C-4A2081D5585B}"
EndProject
Project("{9A19103F-16F7-4668-BE54-9A1E7A4F7556}") = "ExceptionFilters", "CSharp-6\ExceptionFilters\ExceptionFilters.csproj", "{618F1AB1-74EE-43FD-901D-C27B18718262}"
EndProject
Project("{9A19103F-16F7-4668-BE54-9A1E7A4F7556}") = "ExpressionBodiedFunctionMembers", "CSharp-6\ExpressionBodiedFunctionMembers\ExpressionBodiedFunctionMembers.csproj", "{57FC5403-4AE7-40EA-A291-B751EEA3831B}"
EndProject
Project("{9A19103F-16F7-4668-BE54-9A1E7A4F7556}") = "IndexInitializers", "CSharp-6\IndexInitializers\IndexInitializers.csproj", "{46B14299-2C9E-4FB5-A62C-D2A4AF6C3501}"
EndProject
Project("{9A19103F-16F7-4668-BE54-9A1E7A4F7556}") = "NameOfExpression", "CSharp-6\NameOfExpression\NameOfExpression.csproj", "{B0451884-E28C-4B19-B379-F555D54C63EC}"
EndProject
Project("{9A19103F-16F7-4668-BE54-9A1E7A4F7556}") = "NullConditionalOperator", "CSharp-6\NullConditionalOperator\NullConditionalOperator.csproj", "{4041E1A7-EB21-43F5-98D9-9EA36C65FD1C}"
EndProject
Project("{9A19103F-16F7-4668-BE54-9A1E7A4F7556}") = "ReadOnlyAutoProperties", "CSharp-6\ReadOnlyAutoProperties\ReadOnlyAutoProperties.csproj", "{C5271711-8905-434C-8886-26D7A3E9B824}"
EndProject
Project("{9A19103F-16F7-4668-BE54-9A1E7A4F7556}") = "StringInterpolation", "CSharp-6\StringInterpolation\StringInterpolation.csproj", "{D91A5DE4-04F0-4867-A58A-6A64937A2E0E}"
EndProject
Project("{9A19103F-16F7-4668-BE54-9A1E7A4F7556}") = "UsingStatic", "CSharp-6\UsingStatic\UsingStatic.csproj", "{0176CB04-748C-4523-9ACE-E79DF0F6CBBD}"
EndProject
Global
	GlobalSection(SolutionConfigurationPlatforms) = preSolution
		Debug|Any CPU = Debug|Any CPU
		Release|Any CPU = Release|Any CPU
	EndGlobalSection
	GlobalSection(ProjectConfigurationPlatforms) = postSolution
		{CF0E8F34-C5AE-4FFA-AD0D-00225FC778FB}.Debug|Any CPU.ActiveCfg = Debug|Any CPU
		{CF0E8F34-C5AE-4FFA-AD0D-00225FC778FB}.Debug|Any CPU.Build.0 = Debug|Any CPU
		{CF0E8F34-C5AE-4FFA-AD0D-00225FC778FB}.Release|Any CPU.ActiveCfg = Release|Any CPU
		{CF0E8F34-C5AE-4FFA-AD0D-00225FC778FB}.Release|Any CPU.Build.0 = Release|Any CPU
		{D07E38D1-12DF-4CEF-A6A4-7CC41D87989D}.Debug|Any CPU.ActiveCfg = Debug|Any CPU
		{D07E38D1-12DF-4CEF-A6A4-7CC41D87989D}.Debug|Any CPU.Build.0 = Debug|Any CPU
		{D07E38D1-12DF-4CEF-A6A4-7CC41D87989D}.Release|Any CPU.ActiveCfg = Release|Any CPU
		{D07E38D1-12DF-4CEF-A6A4-7CC41D87989D}.Release|Any CPU.Build.0 = Release|Any CPU
		{6FF7408B-3564-4B55-827D-F12332354978}.Debug|Any CPU.ActiveCfg = Debug|Any CPU
		{6FF7408B-3564-4B55-827D-F12332354978}.Debug|Any CPU.Build.0 = Debug|Any CPU
		{6FF7408B-3564-4B55-827D-F12332354978}.Release|Any CPU.ActiveCfg = Release|Any CPU
		{6FF7408B-3564-4B55-827D-F12332354978}.Release|Any CPU.Build.0 = Release|Any CPU
		{1088E1B4-729C-4E21-A1D8-860F6EEA19D2}.Debug|Any CPU.ActiveCfg = Debug|Any CPU
		{1088E1B4-729C-4E21-A1D8-860F6EEA19D2}.Debug|Any CPU.Build.0 = Debug|Any CPU
		{1088E1B4-729C-4E21-A1D8-860F6EEA19D2}.Release|Any CPU.ActiveCfg = Release|Any CPU
		{1088E1B4-729C-4E21-A1D8-860F6EEA19D2}.Release|Any CPU.Build.0 = Release|Any CPU
		{72B5A5CC-D406-4747-8C05-A8F872101EBE}.Debug|Any CPU.ActiveCfg = Debug|Any CPU
		{72B5A5CC-D406-4747-8C05-A8F872101EBE}.Debug|Any CPU.Build.0 = Debug|Any CPU
		{72B5A5CC-D406-4747-8C05-A8F872101EBE}.Release|Any CPU.ActiveCfg = Release|Any CPU
		{72B5A5CC-D406-4747-8C05-A8F872101EBE}.Release|Any CPU.Build.0 = Release|Any CPU
		{466F748A-023D-4CB6-98E5-FDA287FA13DE}.Debug|Any CPU.ActiveCfg = Debug|Any CPU
		{466F748A-023D-4CB6-98E5-FDA287FA13DE}.Debug|Any CPU.Build.0 = Debug|Any CPU
		{466F748A-023D-4CB6-98E5-FDA287FA13DE}.Release|Any CPU.ActiveCfg = Release|Any CPU
		{466F748A-023D-4CB6-98E5-FDA287FA13DE}.Release|Any CPU.Build.0 = Release|Any CPU
		{A0965E83-4281-4E66-BFE9-FE41E7DB0356}.Debug|Any CPU.ActiveCfg = Debug|Any CPU
		{A0965E83-4281-4E66-BFE9-FE41E7DB0356}.Debug|Any CPU.Build.0 = Debug|Any CPU
		{A0965E83-4281-4E66-BFE9-FE41E7DB0356}.Release|Any CPU.ActiveCfg = Release|Any CPU
		{A0965E83-4281-4E66-BFE9-FE41E7DB0356}.Release|Any CPU.Build.0 = Release|Any CPU
		{9F5F9024-F821-4D24-B65E-74751CB0C39F}.Debug|Any CPU.ActiveCfg = Debug|Any CPU
		{9F5F9024-F821-4D24-B65E-74751CB0C39F}.Debug|Any CPU.Build.0 = Debug|Any CPU
		{9F5F9024-F821-4D24-B65E-74751CB0C39F}.Release|Any CPU.ActiveCfg = Release|Any CPU
		{9F5F9024-F821-4D24-B65E-74751CB0C39F}.Release|Any CPU.Build.0 = Release|Any CPU
		{1A9EB525-934E-4CD4-B377-57208EE526CC}.Debug|Any CPU.ActiveCfg = Debug|Any CPU
		{1A9EB525-934E-4CD4-B377-57208EE526CC}.Debug|Any CPU.Build.0 = Debug|Any CPU
		{1A9EB525-934E-4CD4-B377-57208EE526CC}.Release|Any CPU.ActiveCfg = Release|Any CPU
		{1A9EB525-934E-4CD4-B377-57208EE526CC}.Release|Any CPU.Build.0 = Release|Any CPU
		{1B750AB0-C441-4B73-AF3A-CDF16FB5E114}.Debug|Any CPU.ActiveCfg = Debug|Any CPU
		{1B750AB0-C441-4B73-AF3A-CDF16FB5E114}.Debug|Any CPU.Build.0 = Debug|Any CPU
		{1B750AB0-C441-4B73-AF3A-CDF16FB5E114}.Release|Any CPU.ActiveCfg = Release|Any CPU
		{1B750AB0-C441-4B73-AF3A-CDF16FB5E114}.Release|Any CPU.Build.0 = Release|Any CPU
		{D61B7CDF-97B2-48DA-979E-C54D58BB5A06}.Debug|Any CPU.ActiveCfg = Debug|Any CPU
		{D61B7CDF-97B2-48DA-979E-C54D58BB5A06}.Debug|Any CPU.Build.0 = Debug|Any CPU
		{D61B7CDF-97B2-48DA-979E-C54D58BB5A06}.Release|Any CPU.ActiveCfg = Release|Any CPU
		{D61B7CDF-97B2-48DA-979E-C54D58BB5A06}.Release|Any CPU.Build.0 = Release|Any CPU
		{FC55ACD2-1E9C-48A4-8596-24B6177BC27F}.Debug|Any CPU.ActiveCfg = Debug|Any CPU
		{FC55ACD2-1E9C-48A4-8596-24B6177BC27F}.Debug|Any CPU.Build.0 = Debug|Any CPU
		{FC55ACD2-1E9C-48A4-8596-24B6177BC27F}.Release|Any CPU.ActiveCfg = Release|Any CPU
		{FC55ACD2-1E9C-48A4-8596-24B6177BC27F}.Release|Any CPU.Build.0 = Release|Any CPU
		{7081441B-6EE9-4AD5-93C7-571882C4605B}.Debug|Any CPU.ActiveCfg = Debug|Any CPU
		{7081441B-6EE9-4AD5-93C7-571882C4605B}.Debug|Any CPU.Build.0 = Debug|Any CPU
		{7081441B-6EE9-4AD5-93C7-571882C4605B}.Release|Any CPU.ActiveCfg = Release|Any CPU
		{7081441B-6EE9-4AD5-93C7-571882C4605B}.Release|Any CPU.Build.0 = Release|Any CPU
		{5012BD20-CCE0-4648-A97E-BF50533D9F46}.Debug|Any CPU.ActiveCfg = Debug|Any CPU
		{5012BD20-CCE0-4648-A97E-BF50533D9F46}.Debug|Any CPU.Build.0 = Debug|Any CPU
		{5012BD20-CCE0-4648-A97E-BF50533D9F46}.Release|Any CPU.ActiveCfg = Release|Any CPU
		{5012BD20-CCE0-4648-A97E-BF50533D9F46}.Release|Any CPU.Build.0 = Release|Any CPU
		{DD7BA74A-3E1F-4F38-B3E0-61E7EBA87B03}.Debug|Any CPU.ActiveCfg = Debug|Any CPU
		{DD7BA74A-3E1F-4F38-B3E0-61E7EBA87B03}.Debug|Any CPU.Build.0 = Debug|Any CPU
		{DD7BA74A-3E1F-4F38-B3E0-61E7EBA87B03}.Release|Any CPU.ActiveCfg = Release|Any CPU
		{DD7BA74A-3E1F-4F38-B3E0-61E7EBA87B03}.Release|Any CPU.Build.0 = Release|Any CPU
		{1C320C01-7493-4ACF-9CC5-D11DF072ABFA}.Debug|Any CPU.ActiveCfg = Debug|Any CPU
		{1C320C01-7493-4ACF-9CC5-D11DF072ABFA}.Debug|Any CPU.Build.0 = Debug|Any CPU
		{1C320C01-7493-4ACF-9CC5-D11DF072ABFA}.Release|Any CPU.ActiveCfg = Release|Any CPU
		{1C320C01-7493-4ACF-9CC5-D11DF072ABFA}.Release|Any CPU.Build.0 = Release|Any CPU
		{FDD34293-F622-46DD-AC08-A2ACF5829912}.Debug|Any CPU.ActiveCfg = Debug|Any CPU
		{FDD34293-F622-46DD-AC08-A2ACF5829912}.Debug|Any CPU.Build.0 = Debug|Any CPU
		{FDD34293-F622-46DD-AC08-A2ACF5829912}.Release|Any CPU.ActiveCfg = Release|Any CPU
		{FDD34293-F622-46DD-AC08-A2ACF5829912}.Release|Any CPU.Build.0 = Release|Any CPU
		{FC9CC573-2EB5-4BF1-84E5-57EFF3986C08}.Debug|Any CPU.ActiveCfg = Debug|Any CPU
		{FC9CC573-2EB5-4BF1-84E5-57EFF3986C08}.Debug|Any CPU.Build.0 = Debug|Any CPU
		{FC9CC573-2EB5-4BF1-84E5-57EFF3986C08}.Release|Any CPU.ActiveCfg = Release|Any CPU
		{FC9CC573-2EB5-4BF1-84E5-57EFF3986C08}.Release|Any CPU.Build.0 = Release|Any CPU
		{DAD40024-5B0B-4806-9894-7F3816B4F041}.Debug|Any CPU.ActiveCfg = Debug|Any CPU
		{DAD40024-5B0B-4806-9894-7F3816B4F041}.Debug|Any CPU.Build.0 = Debug|Any CPU
		{DAD40024-5B0B-4806-9894-7F3816B4F041}.Release|Any CPU.ActiveCfg = Release|Any CPU
		{DAD40024-5B0B-4806-9894-7F3816B4F041}.Release|Any CPU.Build.0 = Release|Any CPU
		{4B906AE6-C5C1-436D-A003-0969657E8D09}.Debug|Any CPU.ActiveCfg = Debug|Any CPU
		{4B906AE6-C5C1-436D-A003-0969657E8D09}.Debug|Any CPU.Build.0 = Debug|Any CPU
		{4B906AE6-C5C1-436D-A003-0969657E8D09}.Release|Any CPU.ActiveCfg = Release|Any CPU
		{4B906AE6-C5C1-436D-A003-0969657E8D09}.Release|Any CPU.Build.0 = Release|Any CPU
		{02619EE9-D0C7-480D-B3F7-B9E84A99D039}.Debug|Any CPU.ActiveCfg = Debug|Any CPU
		{02619EE9-D0C7-480D-B3F7-B9E84A99D039}.Debug|Any CPU.Build.0 = Debug|Any CPU
		{02619EE9-D0C7-480D-B3F7-B9E84A99D039}.Release|Any CPU.ActiveCfg = Release|Any CPU
		{02619EE9-D0C7-480D-B3F7-B9E84A99D039}.Release|Any CPU.Build.0 = Release|Any CPU
		{42BEC448-A409-41ED-B7DF-AE35276A20F4}.Debug|Any CPU.ActiveCfg = Debug|Any CPU
		{42BEC448-A409-41ED-B7DF-AE35276A20F4}.Debug|Any CPU.Build.0 = Debug|Any CPU
		{42BEC448-A409-41ED-B7DF-AE35276A20F4}.Release|Any CPU.ActiveCfg = Release|Any CPU
		{42BEC448-A409-41ED-B7DF-AE35276A20F4}.Release|Any CPU.Build.0 = Release|Any CPU
		{2CF5D71C-3452-42CA-83A2-655DD5E70306}.Debug|Any CPU.ActiveCfg = Debug|Any CPU
		{2CF5D71C-3452-42CA-83A2-655DD5E70306}.Debug|Any CPU.Build.0 = Debug|Any CPU
		{2CF5D71C-3452-42CA-83A2-655DD5E70306}.Release|Any CPU.ActiveCfg = Release|Any CPU
		{2CF5D71C-3452-42CA-83A2-655DD5E70306}.Release|Any CPU.Build.0 = Release|Any CPU
		{6E0F98C7-B7B6-4991-AAAA-6925EC7CDD8B}.Debug|Any CPU.ActiveCfg = Debug|Any CPU
		{6E0F98C7-B7B6-4991-AAAA-6925EC7CDD8B}.Debug|Any CPU.Build.0 = Debug|Any CPU
		{6E0F98C7-B7B6-4991-AAAA-6925EC7CDD8B}.Release|Any CPU.ActiveCfg = Release|Any CPU
		{6E0F98C7-B7B6-4991-AAAA-6925EC7CDD8B}.Release|Any CPU.Build.0 = Release|Any CPU
		{80D9B0A5-782D-44FD-911B-9FAD4B289F06}.Debug|Any CPU.ActiveCfg = Debug|Any CPU
		{80D9B0A5-782D-44FD-911B-9FAD4B289F06}.Debug|Any CPU.Build.0 = Debug|Any CPU
		{80D9B0A5-782D-44FD-911B-9FAD4B289F06}.Release|Any CPU.ActiveCfg = Release|Any CPU
		{80D9B0A5-782D-44FD-911B-9FAD4B289F06}.Release|Any CPU.Build.0 = Release|Any CPU
		{CCD45646-5460-4C6E-A1C6-A098AEC420B3}.Debug|Any CPU.ActiveCfg = Debug|Any CPU
		{CCD45646-5460-4C6E-A1C6-A098AEC420B3}.Debug|Any CPU.Build.0 = Debug|Any CPU
		{CCD45646-5460-4C6E-A1C6-A098AEC420B3}.Release|Any CPU.ActiveCfg = Release|Any CPU
		{CCD45646-5460-4C6E-A1C6-A098AEC420B3}.Release|Any CPU.Build.0 = Release|Any CPU
		{9CDA2929-4761-4AE2-B072-6F2C943CBEAE}.Debug|Any CPU.ActiveCfg = Debug|Any CPU
		{9CDA2929-4761-4AE2-B072-6F2C943CBEAE}.Debug|Any CPU.Build.0 = Debug|Any CPU
		{9CDA2929-4761-4AE2-B072-6F2C943CBEAE}.Release|Any CPU.ActiveCfg = Release|Any CPU
		{9CDA2929-4761-4AE2-B072-6F2C943CBEAE}.Release|Any CPU.Build.0 = Release|Any CPU
		{68FD3B81-1717-4CA1-B381-E5B1FDE4634B}.Debug|Any CPU.ActiveCfg = Debug|Any CPU
		{68FD3B81-1717-4CA1-B381-E5B1FDE4634B}.Debug|Any CPU.Build.0 = Debug|Any CPU
		{68FD3B81-1717-4CA1-B381-E5B1FDE4634B}.Release|Any CPU.ActiveCfg = Release|Any CPU
		{68FD3B81-1717-4CA1-B381-E5B1FDE4634B}.Release|Any CPU.Build.0 = Release|Any CPU
		{C6494DA5-9E0E-49E6-BD9A-4F1E95339B78}.Debug|Any CPU.ActiveCfg = Debug|Any CPU
		{C6494DA5-9E0E-49E6-BD9A-4F1E95339B78}.Debug|Any CPU.Build.0 = Debug|Any CPU
		{C6494DA5-9E0E-49E6-BD9A-4F1E95339B78}.Release|Any CPU.ActiveCfg = Release|Any CPU
		{C6494DA5-9E0E-49E6-BD9A-4F1E95339B78}.Release|Any CPU.Build.0 = Release|Any CPU
		{F911ABF3-3091-4C98-940C-4A2081D5585B}.Debug|Any CPU.ActiveCfg = Debug|Any CPU
		{F911ABF3-3091-4C98-940C-4A2081D5585B}.Debug|Any CPU.Build.0 = Debug|Any CPU
		{F911ABF3-3091-4C98-940C-4A2081D5585B}.Release|Any CPU.ActiveCfg = Release|Any CPU
		{F911ABF3-3091-4C98-940C-4A2081D5585B}.Release|Any CPU.Build.0 = Release|Any CPU
		{618F1AB1-74EE-43FD-901D-C27B18718262}.Debug|Any CPU.ActiveCfg = Debug|Any CPU
		{618F1AB1-74EE-43FD-901D-C27B18718262}.Debug|Any CPU.Build.0 = Debug|Any CPU
		{618F1AB1-74EE-43FD-901D-C27B18718262}.Release|Any CPU.ActiveCfg = Release|Any CPU
		{618F1AB1-74EE-43FD-901D-C27B18718262}.Release|Any CPU.Build.0 = Release|Any CPU
		{57FC5403-4AE7-40EA-A291-B751EEA3831B}.Debug|Any CPU.ActiveCfg = Debug|Any CPU
		{57FC5403-4AE7-40EA-A291-B751EEA3831B}.Debug|Any CPU.Build.0 = Debug|Any CPU
		{57FC5403-4AE7-40EA-A291-B751EEA3831B}.Release|Any CPU.ActiveCfg = Release|Any CPU
		{57FC5403-4AE7-40EA-A291-B751EEA3831B}.Release|Any CPU.Build.0 = Release|Any CPU
		{46B14299-2C9E-4FB5-A62C-D2A4AF6C3501}.Debug|Any CPU.ActiveCfg = Debug|Any CPU
		{46B14299-2C9E-4FB5-A62C-D2A4AF6C3501}.Debug|Any CPU.Build.0 = Debug|Any CPU
		{46B14299-2C9E-4FB5-A62C-D2A4AF6C3501}.Release|Any CPU.ActiveCfg = Release|Any CPU
		{46B14299-2C9E-4FB5-A62C-D2A4AF6C3501}.Release|Any CPU.Build.0 = Release|Any CPU
		{B0451884-E28C-4B19-B379-F555D54C63EC}.Debug|Any CPU.ActiveCfg = Debug|Any CPU
		{B0451884-E28C-4B19-B379-F555D54C63EC}.Debug|Any CPU.Build.0 = Debug|Any CPU
		{B0451884-E28C-4B19-B379-F555D54C63EC}.Release|Any CPU.ActiveCfg = Release|Any CPU
		{B0451884-E28C-4B19-B379-F555D54C63EC}.Release|Any CPU.Build.0 = Release|Any CPU
		{4041E1A7-EB21-43F5-98D9-9EA36C65FD1C}.Debug|Any CPU.ActiveCfg = Debug|Any CPU
		{4041E1A7-EB21-43F5-98D9-9EA36C65FD1C}.Debug|Any CPU.Build.0 = Debug|Any CPU
		{4041E1A7-EB21-43F5-98D9-9EA36C65FD1C}.Release|Any CPU.ActiveCfg = Release|Any CPU
		{4041E1A7-EB21-43F5-98D9-9EA36C65FD1C}.Release|Any CPU.Build.0 = Release|Any CPU
		{C5271711-8905-434C-8886-26D7A3E9B824}.Debug|Any CPU.ActiveCfg = Debug|Any CPU
		{C5271711-8905-434C-8886-26D7A3E9B824}.Debug|Any CPU.Build.0 = Debug|Any CPU
		{C5271711-8905-434C-8886-26D7A3E9B824}.Release|Any CPU.ActiveCfg = Release|Any CPU
		{C5271711-8905-434C-8886-26D7A3E9B824}.Release|Any CPU.Build.0 = Release|Any CPU
		{D91A5DE4-04F0-4867-A58A-6A64937A2E0E}.Debug|Any CPU.ActiveCfg = Debug|Any CPU
		{D91A5DE4-04F0-4867-A58A-6A64937A2E0E}.Debug|Any CPU.Build.0 = Debug|Any CPU
		{D91A5DE4-04F0-4867-A58A-6A64937A2E0E}.Release|Any CPU.ActiveCfg = Release|Any CPU
		{D91A5DE4-04F0-4867-A58A-6A64937A2E0E}.Release|Any CPU.Build.0 = Release|Any CPU
		{0176CB04-748C-4523-9ACE-E79DF0F6CBBD}.Debug|Any CPU.ActiveCfg = Debug|Any CPU
		{0176CB04-748C-4523-9ACE-E79DF0F6CBBD}.Debug|Any CPU.Build.0 = Debug|Any CPU
		{0176CB04-748C-4523-9ACE-E79DF0F6CBBD}.Release|Any CPU.ActiveCfg = Release|Any CPU
		{0176CB04-748C-4523-9ACE-E79DF0F6CBBD}.Release|Any CPU.Build.0 = Release|Any CPU
	EndGlobalSection
	GlobalSection(SolutionProperties) = preSolution
		HideSolutionNode = FALSE
	EndGlobalSection
	GlobalSection(NestedProjects) = preSolution
		{CF0E8F34-C5AE-4FFA-AD0D-00225FC778FB} = {1ABBF2D8-C090-448F-A4A1-F15129BE83B6}
		{D07E38D1-12DF-4CEF-A6A4-7CC41D87989D} = {1ABBF2D8-C090-448F-A4A1-F15129BE83B6}
		{3A562857-D694-4085-B914-4A164720F589} = {2C40EEB1-9DA3-4BC6-8D0A-DF1A086458F4}
		{E44774C5-CF61-44FC-AADC-0E5260C4FA76} = {2C40EEB1-9DA3-4BC6-8D0A-DF1A086458F4}
		{F469F0A6-62B2-480C-B20F-CDB31B1F2CEA} = {2C40EEB1-9DA3-4BC6-8D0A-DF1A086458F4}
		{EDE77814-ACBC-4E08-9DAC-AF5171514867} = {2C40EEB1-9DA3-4BC6-8D0A-DF1A086458F4}
		{6FF7408B-3564-4B55-827D-F12332354978} = {3A562857-D694-4085-B914-4A164720F589}
		{1088E1B4-729C-4E21-A1D8-860F6EEA19D2} = {3A562857-D694-4085-B914-4A164720F589}
		{72B5A5CC-D406-4747-8C05-A8F872101EBE} = {3A562857-D694-4085-B914-4A164720F589}
		{466F748A-023D-4CB6-98E5-FDA287FA13DE} = {3A562857-D694-4085-B914-4A164720F589}
		{A0965E83-4281-4E66-BFE9-FE41E7DB0356} = {3A562857-D694-4085-B914-4A164720F589}
		{9F5F9024-F821-4D24-B65E-74751CB0C39F} = {3A562857-D694-4085-B914-4A164720F589}
		{1A9EB525-934E-4CD4-B377-57208EE526CC} = {3A562857-D694-4085-B914-4A164720F589}
		{1B750AB0-C441-4B73-AF3A-CDF16FB5E114} = {E44774C5-CF61-44FC-AADC-0E5260C4FA76}
		{D61B7CDF-97B2-48DA-979E-C54D58BB5A06} = {E44774C5-CF61-44FC-AADC-0E5260C4FA76}
		{FC55ACD2-1E9C-48A4-8596-24B6177BC27F} = {E44774C5-CF61-44FC-AADC-0E5260C4FA76}
		{7081441B-6EE9-4AD5-93C7-571882C4605B} = {1361D969-B252-4293-ABFD-6335A7C09337}
		{5012BD20-CCE0-4648-A97E-BF50533D9F46} = {14AE2337-9ACC-4C9C-9B26-A5B13CC09321}
		{DD7BA74A-3E1F-4F38-B3E0-61E7EBA87B03} = {14AE2337-9ACC-4C9C-9B26-A5B13CC09321}
		{1C320C01-7493-4ACF-9CC5-D11DF072ABFA} = {F6CD69B5-FB1F-477C-91B1-8A0D1AC5C9DC}
		{FDD34293-F622-46DD-AC08-A2ACF5829912} = {F6CD69B5-FB1F-477C-91B1-8A0D1AC5C9DC}
		{FC9CC573-2EB5-4BF1-84E5-57EFF3986C08} = {F6CD69B5-FB1F-477C-91B1-8A0D1AC5C9DC}
		{DAD40024-5B0B-4806-9894-7F3816B4F041} = {F6CD69B5-FB1F-477C-91B1-8A0D1AC5C9DC}
		{4B906AE6-C5C1-436D-A003-0969657E8D09} = {F6CD69B5-FB1F-477C-91B1-8A0D1AC5C9DC}
		{02619EE9-D0C7-480D-B3F7-B9E84A99D039} = {F6CD69B5-FB1F-477C-91B1-8A0D1AC5C9DC}
		{42BEC448-A409-41ED-B7DF-AE35276A20F4} = {F6CD69B5-FB1F-477C-91B1-8A0D1AC5C9DC}
		{2CF5D71C-3452-42CA-83A2-655DD5E70306} = {F6CD69B5-FB1F-477C-91B1-8A0D1AC5C9DC}
		{6E0F98C7-B7B6-4991-AAAA-6925EC7CDD8B} = {6C06FA44-A51D-4EB3-98F4-A3C062320640}
		{80D9B0A5-782D-44FD-911B-9FAD4B289F06} = {6C06FA44-A51D-4EB3-98F4-A3C062320640}
		{CCD45646-5460-4C6E-A1C6-A098AEC420B3} = {6C06FA44-A51D-4EB3-98F4-A3C062320640}
		{9CDA2929-4761-4AE2-B072-6F2C943CBEAE} = {334448FD-BEDD-4385-ADDB-6DABD1286A44}
		{68FD3B81-1717-4CA1-B381-E5B1FDE4634B} = {334448FD-BEDD-4385-ADDB-6DABD1286A44}
		{C6494DA5-9E0E-49E6-BD9A-4F1E95339B78} = {E197282C-AC9E-47FD-BFE5-1B0643924663}
		{F911ABF3-3091-4C98-940C-4A2081D5585B} = {E197282C-AC9E-47FD-BFE5-1B0643924663}
		{618F1AB1-74EE-43FD-901D-C27B18718262} = {E197282C-AC9E-47FD-BFE5-1B0643924663}
		{57FC5403-4AE7-40EA-A291-B751EEA3831B} = {E197282C-AC9E-47FD-BFE5-1B0643924663}
		{46B14299-2C9E-4FB5-A62C-D2A4AF6C3501} = {E197282C-AC9E-47FD-BFE5-1B0643924663}
		{B0451884-E28C-4B19-B379-F555D54C63EC} = {E197282C-AC9E-47FD-BFE5-1B0643924663}
		{4041E1A7-EB21-43F5-98D9-9EA36C65FD1C} = {E197282C-AC9E-47FD-BFE5-1B0643924663}
		{C5271711-8905-434C-8886-26D7A3E9B824} = {E197282C-AC9E-47FD-BFE5-1B0643924663}
		{D91A5DE4-04F0-4867-A58A-6A64937A2E0E} = {E197282C-AC9E-47FD-BFE5-1B0643924663}
		{0176CB04-748C-4523-9ACE-E79DF0F6CBBD} = {E197282C-AC9E-47FD-BFE5-1B0643924663}
	EndGlobalSection
	GlobalSection(ExtensibilityGlobals) = postSolution
		SolutionGuid = {E2E316BD-21B1-4825-9D48-CA4B808B7E33}
	EndGlobalSection
EndGlobal
