
Microsoft Visual Studio Solution File, Format Version 12.00
# Visual Studio Version 16
VisualStudioVersion = 16.0.30225.117
MinimumVisualStudioVersion = 10.0.40219.1
Project("{2150E333-8FDC-42A3-9474-1A3956D46DE8}") = "CSharp-8", "CSharp-8", "{1ABBF2D8-C090-448F-A4A1-F15129BE83B6}"
EndProject
Project("{2150E333-8FDC-42A3-9474-1A3956D46DE8}") = "Docs", "Docs", "{DF059AD6-8E49-478A-8DB9-883895682945}"
	ProjectSection(SolutionItems) = preProject
		CSharp-1-Features.md = CSharp-1-Features.md
		CSharp-2-Features.md = CSharp-2-Features.md
		CSharp-3-Features.md = CSharp-3-Features.md
		CSharp-4-Features.md = CSharp-4-Features.md
		CSharp-5-Features.md = CSharp-5-Features.md
		CSharp-6-Features.md = CSharp-6-Features.md
		CSharp-7-Features.md = CSharp-7-Features.md
		CSharp-8-Features.md = CSharp-8-Features.md
		README.md = README.md
	EndProjectSection
EndProject
Project("{9A19103F-16F7-4668-BE54-9A1E7A4F7556}") = "UsingDeclarations", "UsingDeclarations\UsingDeclarations.csproj", "{CF0E8F34-C5AE-4FFA-AD0D-00225FC778FB}"
EndProject
Project("{9A19103F-16F7-4668-BE54-9A1E7A4F7556}") = "StaticLocalFunctions", "StaticLocalFunctions\StaticLocalFunctions.csproj", "{D07E38D1-12DF-4CEF-A6A4-7CC41D87989D}"
EndProject
Project("{2150E333-8FDC-42A3-9474-1A3956D46DE8}") = "CSharp-5", "CSharp-5", "{334448FD-BEDD-4385-ADDB-6DABD1286A44}"
EndProject
Project("{9A19103F-16F7-4668-BE54-9A1E7A4F7556}") = "CallerInfoAttributes", "CallerInfoAttributes\CallerInfoAttributes.csproj", "{39B137C2-6A18-4E3F-A5A8-0B595B57E98F}"
EndProject
Project("{2150E333-8FDC-42A3-9474-1A3956D46DE8}") = "CSharp-6", "CSharp-6", "{E197282C-AC9E-47FD-BFE5-1B0643924663}"
EndProject
Project("{9A19103F-16F7-4668-BE54-9A1E7A4F7556}") = "ExceptionFilters", "ExceptionFilters\ExceptionFilters.csproj", "{9467C0A6-69E6-47D0-9ED8-BF3BC56B7687}"
EndProject
Project("{2150E333-8FDC-42A3-9474-1A3956D46DE8}") = "CSharp-3", "CSharp-3", "{F6CD69B5-FB1F-477C-91B1-8A0D1AC5C9DC}"
EndProject
Project("{2150E333-8FDC-42A3-9474-1A3956D46DE8}") = "CSharp-4", "CSharp-4", "{6C06FA44-A51D-4EB3-98F4-A3C062320640}"
EndProject
Project("{2150E333-8FDC-42A3-9474-1A3956D46DE8}") = "CSharp-7", "CSharp-7", "{2C40EEB1-9DA3-4BC6-8D0A-DF1A086458F4}"
EndProject
Project("{2150E333-8FDC-42A3-9474-1A3956D46DE8}") = "CSharp-2", "CSharp-2", "{14AE2337-9ACC-4C9C-9B26-A5B13CC09321}"
EndProject
Project("{9A19103F-16F7-4668-BE54-9A1E7A4F7556}") = "AutoImplementedProperties", "AutoImplementedProperties\AutoImplementedProperties.csproj", "{333C93A3-33CC-4F48-A5DA-7BB5FD1B1B95}"
EndProject
Project("{9A19103F-16F7-4668-BE54-9A1E7A4F7556}") = "AnonymousTypes", "AnonymousTypes\AnonymousTypes.csproj", "{18DF4B10-1805-4B0D-8EDE-4A6E77FA7E11}"
EndProject
Project("{9A19103F-16F7-4668-BE54-9A1E7A4F7556}") = "ExtensionMethods", "ExtensionMethods\ExtensionMethods.csproj", "{698A7C81-762E-45D9-8598-B688B51FBB1C}"
EndProject
Project("{9A19103F-16F7-4668-BE54-9A1E7A4F7556}") = "PartialMethods", "PartialMethods\PartialMethods.csproj", "{4B43BEEF-7B19-4243-B345-BE53E48552F9}"
EndProject
Project("{9A19103F-16F7-4668-BE54-9A1E7A4F7556}") = "PartialClasses", "PartialClasses\PartialClasses.csproj", "{2BEB92B2-E807-44FF-9E6A-3A95DEF797B7}"
EndProject
Project("{9A19103F-16F7-4668-BE54-9A1E7A4F7556}") = "ObjectAndCollectionInitializers", "ObjectAndCollectionInitializers\ObjectAndCollectionInitializers.csproj", "{F71588CB-DEF3-47CF-A35D-96EFA62AD51C}"
EndProject
Project("{9A19103F-16F7-4668-BE54-9A1E7A4F7556}") = "ImplicitlyTypedLocalVariables", "ImplicitlyTypedLocalVariables\ImplicitlyTypedLocalVariables.csproj", "{9A068265-C7F7-4D29-9E44-00B2C38C3677}"
EndProject
Project("{9A19103F-16F7-4668-BE54-9A1E7A4F7556}") = "LambdaExpressions", "LambdaExpressions\LambdaExpressions.csproj", "{1E5D5197-6551-4401-869C-7E4DFFCB5726}"
EndProject
Project("{9A19103F-16F7-4668-BE54-9A1E7A4F7556}") = "QueryExpression", "QueryExpression\QueryExpression.csproj", "{E4F13554-D55F-4942-AAA8-A7AA638CBB70}"
EndProject
Project("{9A19103F-16F7-4668-BE54-9A1E7A4F7556}") = "AnonymousMethods", "AnonymousMethods\AnonymousMethods.csproj", "{488348F6-DE2C-4FCE-8E70-2D50703BB1C8}"
EndProject
Project("{2150E333-8FDC-42A3-9474-1A3956D46DE8}") = "CSharp-1", "CSharp-1", "{1361D969-B252-4293-ABFD-6335A7C09337}"
EndProject
Project("{9A19103F-16F7-4668-BE54-9A1E7A4F7556}") = "Delegates", "Delegates\Delegates.csproj", "{79529A83-CDD7-4685-95A8-691650D1512F}"
EndProject
Project("{FAE04EC0-301F-11D3-BF4B-00C04F79EFBC}") = "DynamicType", "DynamicType\DynamicType.csproj", "{27FFFC05-532C-420A-9DEB-1C5986F3B708}"
EndProject
Project("{FAE04EC0-301F-11D3-BF4B-00C04F79EFBC}") = "NamedArguments", "NamedArguments\NamedArguments.csproj", "{98D8E14F-722A-4EA9-917D-ABF4D5E908C3}"
EndProject
Project("{FAE04EC0-301F-11D3-BF4B-00C04F79EFBC}") = "OptionalArguments", "OptionalArguments\OptionalArguments.csproj", "{B881F74C-79FB-43BB-82C0-C02129379769}"
EndProject
Project("{FAE04EC0-301F-11D3-BF4B-00C04F79EFBC}") = "AsynchronousProgramming", "AsynchronousProgramming\AsynchronousProgramming.csproj", "{9F5BAD51-46FF-4476-B6AE-A0410EA9F3A9}"
EndProject
Project("{FAE04EC0-301F-11D3-BF4B-00C04F79EFBC}") = "ReadOnlyAutoProperties", "ReadOnlyAutoProperties\ReadOnlyAutoProperties.csproj", "{AAEDB11C-DC57-4B41-9387-79F48A7A157A}"
EndProject
Project("{FAE04EC0-301F-11D3-BF4B-00C04F79EFBC}") = "AutoPropertyInitializers", "AutoPropertyInitializers\AutoPropertyInitializers.csproj", "{20193BC3-F691-4CFE-BFBF-E3FCFDBF47F4}"
EndProject
Project("{FAE04EC0-301F-11D3-BF4B-00C04F79EFBC}") = "ExpressionBodiedFunctionMembers", "ExpressionBodiedFunctionMembers\ExpressionBodiedFunctionMembers.csproj", "{DC3A0E08-987E-49CE-A69D-AD8E5ABB7DD1}"
EndProject
Project("{FAE04EC0-301F-11D3-BF4B-00C04F79EFBC}") = "UsingStatic", "UsingStatic\UsingStatic.csproj", "{E59958F3-FA96-4DF6-8952-580658AD04D3}"
EndProject
Project("{FAE04EC0-301F-11D3-BF4B-00C04F79EFBC}") = "NullConditionalOperator", "NullConditionalOperator\NullConditionalOperator.csproj", "{54BC7497-B587-4FAB-9BBD-AC14AC261382}"
EndProject
Project("{FAE04EC0-301F-11D3-BF4B-00C04F79EFBC}") = "StringInterpolation", "StringInterpolation\StringInterpolation.csproj", "{C67E5C10-3289-4D2D-89C6-228CFF4211F9}"
EndProject
Project("{FAE04EC0-301F-11D3-BF4B-00C04F79EFBC}") = "NameOfExpression", "NameOfExpression\NameOfExpression.csproj", "{FD12B67D-84FA-439E-95F3-7B8739F4BF97}"
EndProject
Project("{2150E333-8FDC-42A3-9474-1A3956D46DE8}") = "7.0", "7.0", "{3A562857-D694-4085-B914-4A164720F589}"
EndProject
Project("{2150E333-8FDC-42A3-9474-1A3956D46DE8}") = "7.1", "7.1", "{E44774C5-CF61-44FC-AADC-0E5260C4FA76}"
EndProject
Project("{2150E333-8FDC-42A3-9474-1A3956D46DE8}") = "7.3", "7.3", "{F469F0A6-62B2-480C-B20F-CDB31B1F2CEA}"
EndProject
Project("{2150E333-8FDC-42A3-9474-1A3956D46DE8}") = "7.2", "7.2", "{EDE77814-ACBC-4E08-9DAC-AF5171514867}"
EndProject
Project("{FAE04EC0-301F-11D3-BF4B-00C04F79EFBC}") = "IndexInitializers", "IndexInitializers\IndexInitializers.csproj", "{39A83EDC-3F16-4C0C-BBFD-FBD05A671136}"
EndProject
Project("{FAE04EC0-301F-11D3-BF4B-00C04F79EFBC}") = "AwaitInCatchAndFinallyBlocks", "AwaitInCatchAndFinallyBlocks\AwaitInCatchAndFinallyBlocks.csproj", "{4A78FABB-B3B7-4DEE-B002-951F7D6A2972}"
EndProject
Global
	GlobalSection(SolutionConfigurationPlatforms) = preSolution
		Debug|Any CPU = Debug|Any CPU
		Release|Any CPU = Release|Any CPU
	EndGlobalSection
	GlobalSection(ProjectConfigurationPlatforms) = postSolution
		{CF0E8F34-C5AE-4FFA-AD0D-00225FC778FB}.Debug|Any CPU.ActiveCfg = Debug|Any CPU
		{CF0E8F34-C5AE-4FFA-AD0D-00225FC778FB}.Debug|Any CPU.Build.0 = Debug|Any CPU
		{CF0E8F34-C5AE-4FFA-AD0D-00225FC778FB}.Release|Any CPU.ActiveCfg = Release|Any CPU
		{CF0E8F34-C5AE-4FFA-AD0D-00225FC778FB}.Release|Any CPU.Build.0 = Release|Any CPU
		{D07E38D1-12DF-4CEF-A6A4-7CC41D87989D}.Debug|Any CPU.ActiveCfg = Debug|Any CPU
		{D07E38D1-12DF-4CEF-A6A4-7CC41D87989D}.Debug|Any CPU.Build.0 = Debug|Any CPU
		{D07E38D1-12DF-4CEF-A6A4-7CC41D87989D}.Release|Any CPU.ActiveCfg = Release|Any CPU
		{D07E38D1-12DF-4CEF-A6A4-7CC41D87989D}.Release|Any CPU.Build.0 = Release|Any CPU
		{39B137C2-6A18-4E3F-A5A8-0B595B57E98F}.Debug|Any CPU.ActiveCfg = Debug|Any CPU
		{39B137C2-6A18-4E3F-A5A8-0B595B57E98F}.Debug|Any CPU.Build.0 = Debug|Any CPU
		{39B137C2-6A18-4E3F-A5A8-0B595B57E98F}.Release|Any CPU.ActiveCfg = Release|Any CPU
		{39B137C2-6A18-4E3F-A5A8-0B595B57E98F}.Release|Any CPU.Build.0 = Release|Any CPU
		{9467C0A6-69E6-47D0-9ED8-BF3BC56B7687}.Debug|Any CPU.ActiveCfg = Debug|Any CPU
		{9467C0A6-69E6-47D0-9ED8-BF3BC56B7687}.Debug|Any CPU.Build.0 = Debug|Any CPU
		{9467C0A6-69E6-47D0-9ED8-BF3BC56B7687}.Release|Any CPU.ActiveCfg = Release|Any CPU
		{9467C0A6-69E6-47D0-9ED8-BF3BC56B7687}.Release|Any CPU.Build.0 = Release|Any CPU
		{333C93A3-33CC-4F48-A5DA-7BB5FD1B1B95}.Debug|Any CPU.ActiveCfg = Debug|Any CPU
		{333C93A3-33CC-4F48-A5DA-7BB5FD1B1B95}.Debug|Any CPU.Build.0 = Debug|Any CPU
		{333C93A3-33CC-4F48-A5DA-7BB5FD1B1B95}.Release|Any CPU.ActiveCfg = Release|Any CPU
		{333C93A3-33CC-4F48-A5DA-7BB5FD1B1B95}.Release|Any CPU.Build.0 = Release|Any CPU
		{18DF4B10-1805-4B0D-8EDE-4A6E77FA7E11}.Debug|Any CPU.ActiveCfg = Debug|Any CPU
		{18DF4B10-1805-4B0D-8EDE-4A6E77FA7E11}.Debug|Any CPU.Build.0 = Debug|Any CPU
		{18DF4B10-1805-4B0D-8EDE-4A6E77FA7E11}.Release|Any CPU.ActiveCfg = Release|Any CPU
		{18DF4B10-1805-4B0D-8EDE-4A6E77FA7E11}.Release|Any CPU.Build.0 = Release|Any CPU
		{698A7C81-762E-45D9-8598-B688B51FBB1C}.Debug|Any CPU.ActiveCfg = Debug|Any CPU
		{698A7C81-762E-45D9-8598-B688B51FBB1C}.Debug|Any CPU.Build.0 = Debug|Any CPU
		{698A7C81-762E-45D9-8598-B688B51FBB1C}.Release|Any CPU.ActiveCfg = Release|Any CPU
		{698A7C81-762E-45D9-8598-B688B51FBB1C}.Release|Any CPU.Build.0 = Release|Any CPU
		{4B43BEEF-7B19-4243-B345-BE53E48552F9}.Debug|Any CPU.ActiveCfg = Debug|Any CPU
		{4B43BEEF-7B19-4243-B345-BE53E48552F9}.Debug|Any CPU.Build.0 = Debug|Any CPU
		{4B43BEEF-7B19-4243-B345-BE53E48552F9}.Release|Any CPU.ActiveCfg = Release|Any CPU
		{4B43BEEF-7B19-4243-B345-BE53E48552F9}.Release|Any CPU.Build.0 = Release|Any CPU
		{2BEB92B2-E807-44FF-9E6A-3A95DEF797B7}.Debug|Any CPU.ActiveCfg = Debug|Any CPU
		{2BEB92B2-E807-44FF-9E6A-3A95DEF797B7}.Debug|Any CPU.Build.0 = Debug|Any CPU
		{2BEB92B2-E807-44FF-9E6A-3A95DEF797B7}.Release|Any CPU.ActiveCfg = Release|Any CPU
		{2BEB92B2-E807-44FF-9E6A-3A95DEF797B7}.Release|Any CPU.Build.0 = Release|Any CPU
		{F71588CB-DEF3-47CF-A35D-96EFA62AD51C}.Debug|Any CPU.ActiveCfg = Debug|Any CPU
		{F71588CB-DEF3-47CF-A35D-96EFA62AD51C}.Debug|Any CPU.Build.0 = Debug|Any CPU
		{F71588CB-DEF3-47CF-A35D-96EFA62AD51C}.Release|Any CPU.ActiveCfg = Release|Any CPU
		{F71588CB-DEF3-47CF-A35D-96EFA62AD51C}.Release|Any CPU.Build.0 = Release|Any CPU
		{9A068265-C7F7-4D29-9E44-00B2C38C3677}.Debug|Any CPU.ActiveCfg = Debug|Any CPU
		{9A068265-C7F7-4D29-9E44-00B2C38C3677}.Debug|Any CPU.Build.0 = Debug|Any CPU
		{9A068265-C7F7-4D29-9E44-00B2C38C3677}.Release|Any CPU.ActiveCfg = Release|Any CPU
		{9A068265-C7F7-4D29-9E44-00B2C38C3677}.Release|Any CPU.Build.0 = Release|Any CPU
		{1E5D5197-6551-4401-869C-7E4DFFCB5726}.Debug|Any CPU.ActiveCfg = Debug|Any CPU
		{1E5D5197-6551-4401-869C-7E4DFFCB5726}.Debug|Any CPU.Build.0 = Debug|Any CPU
		{1E5D5197-6551-4401-869C-7E4DFFCB5726}.Release|Any CPU.ActiveCfg = Release|Any CPU
		{1E5D5197-6551-4401-869C-7E4DFFCB5726}.Release|Any CPU.Build.0 = Release|Any CPU
		{E4F13554-D55F-4942-AAA8-A7AA638CBB70}.Debug|Any CPU.ActiveCfg = Debug|Any CPU
		{E4F13554-D55F-4942-AAA8-A7AA638CBB70}.Debug|Any CPU.Build.0 = Debug|Any CPU
		{E4F13554-D55F-4942-AAA8-A7AA638CBB70}.Release|Any CPU.ActiveCfg = Release|Any CPU
		{E4F13554-D55F-4942-AAA8-A7AA638CBB70}.Release|Any CPU.Build.0 = Release|Any CPU
		{488348F6-DE2C-4FCE-8E70-2D50703BB1C8}.Debug|Any CPU.ActiveCfg = Debug|Any CPU
		{488348F6-DE2C-4FCE-8E70-2D50703BB1C8}.Debug|Any CPU.Build.0 = Debug|Any CPU
		{488348F6-DE2C-4FCE-8E70-2D50703BB1C8}.Release|Any CPU.ActiveCfg = Release|Any CPU
		{488348F6-DE2C-4FCE-8E70-2D50703BB1C8}.Release|Any CPU.Build.0 = Release|Any CPU
		{79529A83-CDD7-4685-95A8-691650D1512F}.Debug|Any CPU.ActiveCfg = Debug|Any CPU
		{79529A83-CDD7-4685-95A8-691650D1512F}.Debug|Any CPU.Build.0 = Debug|Any CPU
		{79529A83-CDD7-4685-95A8-691650D1512F}.Release|Any CPU.ActiveCfg = Release|Any CPU
		{79529A83-CDD7-4685-95A8-691650D1512F}.Release|Any CPU.Build.0 = Release|Any CPU
		{27FFFC05-532C-420A-9DEB-1C5986F3B708}.Debug|Any CPU.ActiveCfg = Debug|Any CPU
		{27FFFC05-532C-420A-9DEB-1C5986F3B708}.Debug|Any CPU.Build.0 = Debug|Any CPU
		{27FFFC05-532C-420A-9DEB-1C5986F3B708}.Release|Any CPU.ActiveCfg = Release|Any CPU
		{27FFFC05-532C-420A-9DEB-1C5986F3B708}.Release|Any CPU.Build.0 = Release|Any CPU
		{98D8E14F-722A-4EA9-917D-ABF4D5E908C3}.Debug|Any CPU.ActiveCfg = Debug|Any CPU
		{98D8E14F-722A-4EA9-917D-ABF4D5E908C3}.Debug|Any CPU.Build.0 = Debug|Any CPU
		{98D8E14F-722A-4EA9-917D-ABF4D5E908C3}.Release|Any CPU.ActiveCfg = Release|Any CPU
		{98D8E14F-722A-4EA9-917D-ABF4D5E908C3}.Release|Any CPU.Build.0 = Release|Any CPU
		{B881F74C-79FB-43BB-82C0-C02129379769}.Debug|Any CPU.ActiveCfg = Debug|Any CPU
		{B881F74C-79FB-43BB-82C0-C02129379769}.Debug|Any CPU.Build.0 = Debug|Any CPU
		{B881F74C-79FB-43BB-82C0-C02129379769}.Release|Any CPU.ActiveCfg = Release|Any CPU
		{B881F74C-79FB-43BB-82C0-C02129379769}.Release|Any CPU.Build.0 = Release|Any CPU
		{9F5BAD51-46FF-4476-B6AE-A0410EA9F3A9}.Debug|Any CPU.ActiveCfg = Debug|Any CPU
		{9F5BAD51-46FF-4476-B6AE-A0410EA9F3A9}.Debug|Any CPU.Build.0 = Debug|Any CPU
		{9F5BAD51-46FF-4476-B6AE-A0410EA9F3A9}.Release|Any CPU.ActiveCfg = Release|Any CPU
		{9F5BAD51-46FF-4476-B6AE-A0410EA9F3A9}.Release|Any CPU.Build.0 = Release|Any CPU
		{AAEDB11C-DC57-4B41-9387-79F48A7A157A}.Debug|Any CPU.ActiveCfg = Debug|Any CPU
		{AAEDB11C-DC57-4B41-9387-79F48A7A157A}.Debug|Any CPU.Build.0 = Debug|Any CPU
		{AAEDB11C-DC57-4B41-9387-79F48A7A157A}.Release|Any CPU.ActiveCfg = Release|Any CPU
		{AAEDB11C-DC57-4B41-9387-79F48A7A157A}.Release|Any CPU.Build.0 = Release|Any CPU
		{20193BC3-F691-4CFE-BFBF-E3FCFDBF47F4}.Debug|Any CPU.ActiveCfg = Debug|Any CPU
		{20193BC3-F691-4CFE-BFBF-E3FCFDBF47F4}.Debug|Any CPU.Build.0 = Debug|Any CPU
		{20193BC3-F691-4CFE-BFBF-E3FCFDBF47F4}.Release|Any CPU.ActiveCfg = Release|Any CPU
		{20193BC3-F691-4CFE-BFBF-E3FCFDBF47F4}.Release|Any CPU.Build.0 = Release|Any CPU
		{DC3A0E08-987E-49CE-A69D-AD8E5ABB7DD1}.Debug|Any CPU.ActiveCfg = Debug|Any CPU
		{DC3A0E08-987E-49CE-A69D-AD8E5ABB7DD1}.Debug|Any CPU.Build.0 = Debug|Any CPU
		{DC3A0E08-987E-49CE-A69D-AD8E5ABB7DD1}.Release|Any CPU.ActiveCfg = Release|Any CPU
		{DC3A0E08-987E-49CE-A69D-AD8E5ABB7DD1}.Release|Any CPU.Build.0 = Release|Any CPU
		{E59958F3-FA96-4DF6-8952-580658AD04D3}.Debug|Any CPU.ActiveCfg = Debug|Any CPU
		{E59958F3-FA96-4DF6-8952-580658AD04D3}.Debug|Any CPU.Build.0 = Debug|Any CPU
		{E59958F3-FA96-4DF6-8952-580658AD04D3}.Release|Any CPU.ActiveCfg = Release|Any CPU
		{E59958F3-FA96-4DF6-8952-580658AD04D3}.Release|Any CPU.Build.0 = Release|Any CPU
		{54BC7497-B587-4FAB-9BBD-AC14AC261382}.Debug|Any CPU.ActiveCfg = Debug|Any CPU
		{54BC7497-B587-4FAB-9BBD-AC14AC261382}.Debug|Any CPU.Build.0 = Debug|Any CPU
		{54BC7497-B587-4FAB-9BBD-AC14AC261382}.Release|Any CPU.ActiveCfg = Release|Any CPU
		{54BC7497-B587-4FAB-9BBD-AC14AC261382}.Release|Any CPU.Build.0 = Release|Any CPU
		{C67E5C10-3289-4D2D-89C6-228CFF4211F9}.Debug|Any CPU.ActiveCfg = Debug|Any CPU
		{C67E5C10-3289-4D2D-89C6-228CFF4211F9}.Debug|Any CPU.Build.0 = Debug|Any CPU
		{C67E5C10-3289-4D2D-89C6-228CFF4211F9}.Release|Any CPU.ActiveCfg = Release|Any CPU
		{C67E5C10-3289-4D2D-89C6-228CFF4211F9}.Release|Any CPU.Build.0 = Release|Any CPU
		{FD12B67D-84FA-439E-95F3-7B8739F4BF97}.Debug|Any CPU.ActiveCfg = Debug|Any CPU
		{FD12B67D-84FA-439E-95F3-7B8739F4BF97}.Debug|Any CPU.Build.0 = Debug|Any CPU
		{FD12B67D-84FA-439E-95F3-7B8739F4BF97}.Release|Any CPU.ActiveCfg = Release|Any CPU
		{FD12B67D-84FA-439E-95F3-7B8739F4BF97}.Release|Any CPU.Build.0 = Release|Any CPU
		{39A83EDC-3F16-4C0C-BBFD-FBD05A671136}.Debug|Any CPU.ActiveCfg = Debug|Any CPU
		{39A83EDC-3F16-4C0C-BBFD-FBD05A671136}.Debug|Any CPU.Build.0 = Debug|Any CPU
		{39A83EDC-3F16-4C0C-BBFD-FBD05A671136}.Release|Any CPU.ActiveCfg = Release|Any CPU
		{39A83EDC-3F16-4C0C-BBFD-FBD05A671136}.Release|Any CPU.Build.0 = Release|Any CPU
		{4A78FABB-B3B7-4DEE-B002-951F7D6A2972}.Debug|Any CPU.ActiveCfg = Debug|Any CPU
		{4A78FABB-B3B7-4DEE-B002-951F7D6A2972}.Debug|Any CPU.Build.0 = Debug|Any CPU
		{4A78FABB-B3B7-4DEE-B002-951F7D6A2972}.Release|Any CPU.ActiveCfg = Release|Any CPU
		{4A78FABB-B3B7-4DEE-B002-951F7D6A2972}.Release|Any CPU.Build.0 = Release|Any CPU
	EndGlobalSection
	GlobalSection(SolutionProperties) = preSolution
		HideSolutionNode = FALSE
	EndGlobalSection
	GlobalSection(NestedProjects) = preSolution
		{CF0E8F34-C5AE-4FFA-AD0D-00225FC778FB} = {1ABBF2D8-C090-448F-A4A1-F15129BE83B6}
		{D07E38D1-12DF-4CEF-A6A4-7CC41D87989D} = {1ABBF2D8-C090-448F-A4A1-F15129BE83B6}
		{39B137C2-6A18-4E3F-A5A8-0B595B57E98F} = {334448FD-BEDD-4385-ADDB-6DABD1286A44}
		{9467C0A6-69E6-47D0-9ED8-BF3BC56B7687} = {E197282C-AC9E-47FD-BFE5-1B0643924663}
		{333C93A3-33CC-4F48-A5DA-7BB5FD1B1B95} = {F6CD69B5-FB1F-477C-91B1-8A0D1AC5C9DC}
		{18DF4B10-1805-4B0D-8EDE-4A6E77FA7E11} = {F6CD69B5-FB1F-477C-91B1-8A0D1AC5C9DC}
		{698A7C81-762E-45D9-8598-B688B51FBB1C} = {F6CD69B5-FB1F-477C-91B1-8A0D1AC5C9DC}
		{4B43BEEF-7B19-4243-B345-BE53E48552F9} = {F6CD69B5-FB1F-477C-91B1-8A0D1AC5C9DC}
		{2BEB92B2-E807-44FF-9E6A-3A95DEF797B7} = {14AE2337-9ACC-4C9C-9B26-A5B13CC09321}
		{F71588CB-DEF3-47CF-A35D-96EFA62AD51C} = {F6CD69B5-FB1F-477C-91B1-8A0D1AC5C9DC}
		{9A068265-C7F7-4D29-9E44-00B2C38C3677} = {F6CD69B5-FB1F-477C-91B1-8A0D1AC5C9DC}
		{1E5D5197-6551-4401-869C-7E4DFFCB5726} = {F6CD69B5-FB1F-477C-91B1-8A0D1AC5C9DC}
		{E4F13554-D55F-4942-AAA8-A7AA638CBB70} = {F6CD69B5-FB1F-477C-91B1-8A0D1AC5C9DC}
		{488348F6-DE2C-4FCE-8E70-2D50703BB1C8} = {14AE2337-9ACC-4C9C-9B26-A5B13CC09321}
		{79529A83-CDD7-4685-95A8-691650D1512F} = {1361D969-B252-4293-ABFD-6335A7C09337}
		{27FFFC05-532C-420A-9DEB-1C5986F3B708} = {6C06FA44-A51D-4EB3-98F4-A3C062320640}
		{98D8E14F-722A-4EA9-917D-ABF4D5E908C3} = {6C06FA44-A51D-4EB3-98F4-A3C062320640}
		{B881F74C-79FB-43BB-82C0-C02129379769} = {6C06FA44-A51D-4EB3-98F4-A3C062320640}
		{9F5BAD51-46FF-4476-B6AE-A0410EA9F3A9} = {334448FD-BEDD-4385-ADDB-6DABD1286A44}
		{AAEDB11C-DC57-4B41-9387-79F48A7A157A} = {E197282C-AC9E-47FD-BFE5-1B0643924663}
		{20193BC3-F691-4CFE-BFBF-E3FCFDBF47F4} = {E197282C-AC9E-47FD-BFE5-1B0643924663}
		{DC3A0E08-987E-49CE-A69D-AD8E5ABB7DD1} = {E197282C-AC9E-47FD-BFE5-1B0643924663}
		{E59958F3-FA96-4DF6-8952-580658AD04D3} = {E197282C-AC9E-47FD-BFE5-1B0643924663}
		{54BC7497-B587-4FAB-9BBD-AC14AC261382} = {E197282C-AC9E-47FD-BFE5-1B0643924663}
		{C67E5C10-3289-4D2D-89C6-228CFF4211F9} = {E197282C-AC9E-47FD-BFE5-1B0643924663}
		{FD12B67D-84FA-439E-95F3-7B8739F4BF97} = {E197282C-AC9E-47FD-BFE5-1B0643924663}
		{3A562857-D694-4085-B914-4A164720F589} = {2C40EEB1-9DA3-4BC6-8D0A-DF1A086458F4}
		{E44774C5-CF61-44FC-AADC-0E5260C4FA76} = {2C40EEB1-9DA3-4BC6-8D0A-DF1A086458F4}
		{F469F0A6-62B2-480C-B20F-CDB31B1F2CEA} = {2C40EEB1-9DA3-4BC6-8D0A-DF1A086458F4}
		{EDE77814-ACBC-4E08-9DAC-AF5171514867} = {2C40EEB1-9DA3-4BC6-8D0A-DF1A086458F4}
		{39A83EDC-3F16-4C0C-BBFD-FBD05A671136} = {E197282C-AC9E-47FD-BFE5-1B0643924663}
		{4A78FABB-B3B7-4DEE-B002-951F7D6A2972} = {E197282C-AC9E-47FD-BFE5-1B0643924663}
	EndGlobalSection
	GlobalSection(ExtensibilityGlobals) = postSolution
		SolutionGuid = {E2E316BD-21B1-4825-9D48-CA4B808B7E33}
	EndGlobalSection
EndGlobal
